PODS:
  - Alamofire (4.5.0)
  - LyftSDK (1.0.5):
    - LyftSDK/Core (= 1.0.5)
  - LyftSDK/Core (1.0.5)
  - ObjectMapper (2.2.8)
  - UberRides (0.7.0):
    - ObjectMapper (~> 2.0)

DEPENDENCIES:
  - Alamofire (~> 4.4)
  - LyftSDK
  - UberRides (from `https://github.com/uber/rides-ios-sdk.git`, branch `swift-3-dev`)

EXTERNAL SOURCES:
  UberRides:
    :branch: swift-3-dev
    :git: https://github.com/uber/rides-ios-sdk.git

CHECKOUT OPTIONS:
  UberRides:
    :commit: 38cbe88e16ef946031670bc29850c538a63fef25
    :git: https://github.com/uber/rides-ios-sdk.git

SPEC CHECKSUMS:
  Alamofire: f28cdffd29de33a7bfa022cbd63ae95a27fae140
  LyftSDK: 2b08f3c1869214ff4f9ed8a0096fafa2ebeeed21
  ObjectMapper: 3d571bb5af471c779e1160828cd9ad5c4ef90958
  UberRides: 796f4335121c2c8223985329c6979a452edfe083

PODFILE CHECKSUM: 1bf96b26044a897024740cdf3605b49cf6260bf4

COCOAPODS: 1.2.1
