// !$*UTF8*$!
{
	archiveVersion = 1;
	classes = {
	};
	objectVersion = 46;
	objects = {

/* Begin PBXBuildFile section */
		1A7A4B4565215AD5423265C6 /* Pods_FareCompareV2UITests.framework in Frameworks */ = {isa = PBXBuildFile; fileRef = 8DE02A92F89FDB7E85549C68 /* Pods_FareCompareV2UITests.framework */; };
		3043EF5DCE0A76502DC0E654 /* Pods_FareCompareV2.framework in Frameworks */ = {isa = PBXBuildFile; fileRef = D4360A856BD9F4BCAFE16973 /* Pods_FareCompareV2.framework */; };
		3B55EEB31F14078B0010633A /* AppDelegate.swift in Sources */ = {isa = PBXBuildFile; fileRef = 3B55EEB21F14078B0010633A /* AppDelegate.swift */; };
		3B55EEB51F14078B0010633A /* ViewController.swift in Sources */ = {isa = PBXBuildFile; fileRef = 3B55EEB41F14078B0010633A /* ViewController.swift */; };
		3B55EEB81F14078B0010633A /* Main.storyboard in Resources */ = {isa = PBXBuildFile; fileRef = 3B55EEB61F14078B0010633A /* Main.storyboard */; };
		3B55EEBA1F14078B0010633A /* Assets.xcassets in Resources */ = {isa = PBXBuildFile; fileRef = 3B55EEB91F14078B0010633A /* Assets.xcassets */; };
		3B55EEBD1F14078B0010633A /* LaunchScreen.storyboard in Resources */ = {isa = PBXBuildFile; fileRef = 3B55EEBB1F14078B0010633A /* LaunchScreen.storyboard */; };
		3B55EEC81F14078B0010633A /* FareCompareV2Tests.swift in Sources */ = {isa = PBXBuildFile; fileRef = 3B55EEC71F14078B0010633A /* FareCompareV2Tests.swift */; };
		3B55EED31F14078B0010633A /* FareCompareV2UITests.swift in Sources */ = {isa = PBXBuildFile; fileRef = 3B55EED21F14078B0010633A /* FareCompareV2UITests.swift */; };
		7ECC6735CAD3B58F174175E0 /* Pods_FareCompareV2Tests.framework in Frameworks */ = {isa = PBXBuildFile; fileRef = 2DBDFD56347C148CF1530D82 /* Pods_FareCompareV2Tests.framework */; };
		E9FA82DA1F1697A900FAE631 /* SwiftyJSON.swift in Sources */ = {isa = PBXBuildFile; fileRef = E9FA82D91F1697A900FAE631 /* SwiftyJSON.swift */; };
/* End PBXBuildFile section */

/* Begin PBXContainerItemProxy section */
		3B55EEC41F14078B0010633A /* PBXContainerItemProxy */ = {
			isa = PBXContainerItemProxy;
			containerPortal = 3B55EEA71F14078B0010633A /* Project object */;
			proxyType = 1;
			remoteGlobalIDString = 3B55EEAE1F14078B0010633A;
			remoteInfo = FareCompareV2;
		};
		3B55EECF1F14078B0010633A /* PBXContainerItemProxy */ = {
			isa = PBXContainerItemProxy;
			containerPortal = 3B55EEA71F14078B0010633A /* Project object */;
			proxyType = 1;
			remoteGlobalIDString = 3B55EEAE1F14078B0010633A;
			remoteInfo = FareCompareV2;
		};
/* End PBXContainerItemProxy section */

/* Begin PBXFileReference section */
		2DBDFD56347C148CF1530D82 /* Pods_FareCompareV2Tests.framework */ = {isa = PBXFileReference; explicitFileType = wrapper.framework; includeInIndex = 0; path = Pods_FareCompareV2Tests.framework; sourceTree = BUILT_PRODUCTS_DIR; };
		3B55EEAF1F14078B0010633A /* FareCompareV2.app */ = {isa = PBXFileReference; explicitFileType = wrapper.application; includeInIndex = 0; path = FareCompareV2.app; sourceTree = BUILT_PRODUCTS_DIR; };
		3B55EEB21F14078B0010633A /* AppDelegate.swift */ = {isa = PBXFileReference; lastKnownFileType = sourcecode.swift; path = AppDelegate.swift; sourceTree = "<group>"; };
		3B55EEB41F14078B0010633A /* ViewController.swift */ = {isa = PBXFileReference; lastKnownFileType = sourcecode.swift; path = ViewController.swift; sourceTree = "<group>"; };
		3B55EEB71F14078B0010633A /* Base */ = {isa = PBXFileReference; lastKnownFileType = file.storyboard; name = Base; path = Base.lproj/Main.storyboard; sourceTree = "<group>"; };
		3B55EEB91F14078B0010633A /* Assets.xcassets */ = {isa = PBXFileReference; lastKnownFileType = folder.assetcatalog; path = Assets.xcassets; sourceTree = "<group>"; };
		3B55EEBC1F14078B0010633A /* Base */ = {isa = PBXFileReference; lastKnownFileType = file.storyboard; name = Base; path = Base.lproj/LaunchScreen.storyboard; sourceTree = "<group>"; };
		3B55EEBE1F14078B0010633A /* Info.plist */ = {isa = PBXFileReference; lastKnownFileType = text.plist.xml; path = Info.plist; sourceTree = "<group>"; };
		3B55EEC31F14078B0010633A /* FareCompareV2Tests.xctest */ = {isa = PBXFileReference; explicitFileType = wrapper.cfbundle; includeInIndex = 0; path = FareCompareV2Tests.xctest; sourceTree = BUILT_PRODUCTS_DIR; };
		3B55EEC71F14078B0010633A /* FareCompareV2Tests.swift */ = {isa = PBXFileReference; lastKnownFileType = sourcecode.swift; path = FareCompareV2Tests.swift; sourceTree = "<group>"; };
		3B55EEC91F14078B0010633A /* Info.plist */ = {isa = PBXFileReference; lastKnownFileType = text.plist.xml; path = Info.plist; sourceTree = "<group>"; };
		3B55EECE1F14078B0010633A /* FareCompareV2UITests.xctest */ = {isa = PBXFileReference; explicitFileType = wrapper.cfbundle; includeInIndex = 0; path = FareCompareV2UITests.xctest; sourceTree = BUILT_PRODUCTS_DIR; };
		3B55EED21F14078B0010633A /* FareCompareV2UITests.swift */ = {isa = PBXFileReference; lastKnownFileType = sourcecode.swift; path = FareCompareV2UITests.swift; sourceTree = "<group>"; };
		3B55EED41F14078B0010633A /* Info.plist */ = {isa = PBXFileReference; lastKnownFileType = text.plist.xml; path = Info.plist; sourceTree = "<group>"; };
		49BEA6D18612ABFCA2330803 /* Pods-FareCompareV2Tests.release.xcconfig */ = {isa = PBXFileReference; includeInIndex = 1; lastKnownFileType = text.xcconfig; name = "Pods-FareCompareV2Tests.release.xcconfig"; path = "Pods/Target Support Files/Pods-FareCompareV2Tests/Pods-FareCompareV2Tests.release.xcconfig"; sourceTree = "<group>"; };
		4D5C4DBC7E16CED263640E89 /* Pods-FareCompareV2UITests.debug.xcconfig */ = {isa = PBXFileReference; includeInIndex = 1; lastKnownFileType = text.xcconfig; name = "Pods-FareCompareV2UITests.debug.xcconfig"; path = "Pods/Target Support Files/Pods-FareCompareV2UITests/Pods-FareCompareV2UITests.debug.xcconfig"; sourceTree = "<group>"; };
		50C0E19063FCC7485A105C93 /* Pods-FareCompareV2.release.xcconfig */ = {isa = PBXFileReference; includeInIndex = 1; lastKnownFileType = text.xcconfig; name = "Pods-FareCompareV2.release.xcconfig"; path = "Pods/Target Support Files/Pods-FareCompareV2/Pods-FareCompareV2.release.xcconfig"; sourceTree = "<group>"; };
		8B87E8B122BB38086E49DE37 /* Pods-FareCompareV2.debug.xcconfig */ = {isa = PBXFileReference; includeInIndex = 1; lastKnownFileType = text.xcconfig; name = "Pods-FareCompareV2.debug.xcconfig"; path = "Pods/Target Support Files/Pods-FareCompareV2/Pods-FareCompareV2.debug.xcconfig"; sourceTree = "<group>"; };
		8DE02A92F89FDB7E85549C68 /* Pods_FareCompareV2UITests.framework */ = {isa = PBXFileReference; explicitFileType = wrapper.framework; includeInIndex = 0; path = Pods_FareCompareV2UITests.framework; sourceTree = BUILT_PRODUCTS_DIR; };
		920ED5EA8EBBA850B2EB59B7 /* Pods-FareCompareV2Tests.debug.xcconfig */ = {isa = PBXFileReference; includeInIndex = 1; lastKnownFileType = text.xcconfig; name = "Pods-FareCompareV2Tests.debug.xcconfig"; path = "Pods/Target Support Files/Pods-FareCompareV2Tests/Pods-FareCompareV2Tests.debug.xcconfig"; sourceTree = "<group>"; };
		D4360A856BD9F4BCAFE16973 /* Pods_FareCompareV2.framework */ = {isa = PBXFileReference; explicitFileType = wrapper.framework; includeInIndex = 0; path = Pods_FareCompareV2.framework; sourceTree = BUILT_PRODUCTS_DIR; };
		E3FC5F3F1A8F4A05357164C2 /* Pods-FareCompareV2UITests.release.xcconfig */ = {isa = PBXFileReference; includeInIndex = 1; lastKnownFileType = text.xcconfig; name = "Pods-FareCompareV2UITests.release.xcconfig"; path = "Pods/Target Support Files/Pods-FareCompareV2UITests/Pods-FareCompareV2UITests.release.xcconfig"; sourceTree = "<group>"; };
		E9FA82D91F1697A900FAE631 /* SwiftyJSON.swift */ = {isa = PBXFileReference; fileEncoding = 4; lastKnownFileType = sourcecode.swift; path = SwiftyJSON.swift; sourceTree = "<group>"; };
/* End PBXFileReference section */

/* Begin PBXFrameworksBuildPhase section */
		3B55EEAC1F14078B0010633A /* Frameworks */ = {
			isa = PBXFrameworksBuildPhase;
			buildActionMask = 2147483647;
			files = (
				3043EF5DCE0A76502DC0E654 /* Pods_FareCompareV2.framework in Frameworks */,
			);
			runOnlyForDeploymentPostprocessing = 0;
		};
		3B55EEC01F14078B0010633A /* Frameworks */ = {
			isa = PBXFrameworksBuildPhase;
			buildActionMask = 2147483647;
			files = (
				7ECC6735CAD3B58F174175E0 /* Pods_FareCompareV2Tests.framework in Frameworks */,
			);
			runOnlyForDeploymentPostprocessing = 0;
		};
		3B55EECB1F14078B0010633A /* Frameworks */ = {
			isa = PBXFrameworksBuildPhase;
			buildActionMask = 2147483647;
			files = (
				1A7A4B4565215AD5423265C6 /* Pods_FareCompareV2UITests.framework in Frameworks */,
			);
			runOnlyForDeploymentPostprocessing = 0;
		};
/* End PBXFrameworksBuildPhase section */

/* Begin PBXGroup section */
		3B55EEA61F14078B0010633A = {
			isa = PBXGroup;
			children = (
				3B55EEB11F14078B0010633A /* FareCompareV2 */,
				3B55EEC61F14078B0010633A /* FareCompareV2Tests */,
				3B55EED11F14078B0010633A /* FareCompareV2UITests */,
				3B55EEB01F14078B0010633A /* Products */,
				9795039B40A4F7FABB53503B /* Pods */,
				B68508D7BF709EE2D85A472D /* Frameworks */,
			);
			sourceTree = "<group>";
		};
		3B55EEB01F14078B0010633A /* Products */ = {
			isa = PBXGroup;
			children = (
				3B55EEAF1F14078B0010633A /* FareCompareV2.app */,
				3B55EEC31F14078B0010633A /* FareCompareV2Tests.xctest */,
				3B55EECE1F14078B0010633A /* FareCompareV2UITests.xctest */,
			);
			name = Products;
			sourceTree = "<group>";
		};
		3B55EEB11F14078B0010633A /* FareCompareV2 */ = {
			isa = PBXGroup;
			children = (
				3B55EEB21F14078B0010633A /* AppDelegate.swift */,
				3B55EEB41F14078B0010633A /* ViewController.swift */,
				3B55EEB61F14078B0010633A /* Main.storyboard */,
				3B55EEB91F14078B0010633A /* Assets.xcassets */,
				3B55EEBB1F14078B0010633A /* LaunchScreen.storyboard */,
				3B55EEBE1F14078B0010633A /* Info.plist */,
				E9FA82D91F1697A900FAE631 /* SwiftyJSON.swift */,
			);
			path = FareCompareV2;
			sourceTree = "<group>";
		};
		3B55EEC61F14078B0010633A /* FareCompareV2Tests */ = {
			isa = PBXGroup;
			children = (
				3B55EEC71F14078B0010633A /* FareCompareV2Tests.swift */,
				3B55EEC91F14078B0010633A /* Info.plist */,
			);
			path = FareCompareV2Tests;
			sourceTree = "<group>";
		};
		3B55EED11F14078B0010633A /* FareCompareV2UITests */ = {
			isa = PBXGroup;
			children = (
				3B55EED21F14078B0010633A /* FareCompareV2UITests.swift */,
				3B55EED41F14078B0010633A /* Info.plist */,
			);
			path = FareCompareV2UITests;
			sourceTree = "<group>";
		};
		9795039B40A4F7FABB53503B /* Pods */ = {
			isa = PBXGroup;
			children = (
				8B87E8B122BB38086E49DE37 /* Pods-FareCompareV2.debug.xcconfig */,
				50C0E19063FCC7485A105C93 /* Pods-FareCompareV2.release.xcconfig */,
				920ED5EA8EBBA850B2EB59B7 /* Pods-FareCompareV2Tests.debug.xcconfig */,
				49BEA6D18612ABFCA2330803 /* Pods-FareCompareV2Tests.release.xcconfig */,
				4D5C4DBC7E16CED263640E89 /* Pods-FareCompareV2UITests.debug.xcconfig */,
				E3FC5F3F1A8F4A05357164C2 /* Pods-FareCompareV2UITests.release.xcconfig */,
			);
			name = Pods;
			sourceTree = "<group>";
		};
		B68508D7BF709EE2D85A472D /* Frameworks */ = {
			isa = PBXGroup;
			children = (
				D4360A856BD9F4BCAFE16973 /* Pods_FareCompareV2.framework */,
				2DBDFD56347C148CF1530D82 /* Pods_FareCompareV2Tests.framework */,
				8DE02A92F89FDB7E85549C68 /* Pods_FareCompareV2UITests.framework */,
			);
			name = Frameworks;
			sourceTree = "<group>";
		};
/* End PBXGroup section */

/* Begin PBXNativeTarget section */
		3B55EEAE1F14078B0010633A /* FareCompareV2 */ = {
			isa = PBXNativeTarget;
			buildConfigurationList = 3B55EED71F14078B0010633A /* Build configuration list for PBXNativeTarget "FareCompareV2" */;
			buildPhases = (
				21CCB90ABB715188717C0F20 /* [CP] Check Pods Manifest.lock */,
				3B55EEAB1F14078B0010633A /* Sources */,
				3B55EEAC1F14078B0010633A /* Frameworks */,
				3B55EEAD1F14078B0010633A /* Resources */,
				EAFC7D32EA1F5FA818D1EA51 /* [CP] Embed Pods Frameworks */,
				9805482C3E1DD5352175C511 /* [CP] Copy Pods Resources */,
			);
			buildRules = (
			);
			dependencies = (
			);
			name = FareCompareV2;
			productName = FareCompareV2;
			productReference = 3B55EEAF1F14078B0010633A /* FareCompareV2.app */;
			productType = "com.apple.product-type.application";
		};
		3B55EEC21F14078B0010633A /* FareCompareV2Tests */ = {
			isa = PBXNativeTarget;
			buildConfigurationList = 3B55EEDA1F14078B0010633A /* Build configuration list for PBXNativeTarget "FareCompareV2Tests" */;
			buildPhases = (
				B27C556BBE4C0AF8858EFC4A /* [CP] Check Pods Manifest.lock */,
				3B55EEBF1F14078B0010633A /* Sources */,
				3B55EEC01F14078B0010633A /* Frameworks */,
				3B55EEC11F14078B0010633A /* Resources */,
				8DAB73A26EBFE0090E61C54F /* [CP] Embed Pods Frameworks */,
				2923D6CBEE146F291C905FBE /* [CP] Copy Pods Resources */,
			);
			buildRules = (
			);
			dependencies = (
				3B55EEC51F14078B0010633A /* PBXTargetDependency */,
			);
			name = FareCompareV2Tests;
			productName = FareCompareV2Tests;
			productReference = 3B55EEC31F14078B0010633A /* FareCompareV2Tests.xctest */;
			productType = "com.apple.product-type.bundle.unit-test";
		};
		3B55EECD1F14078B0010633A /* FareCompareV2UITests */ = {
			isa = PBXNativeTarget;
			buildConfigurationList = 3B55EEDD1F14078B0010633A /* Build configuration list for PBXNativeTarget "FareCompareV2UITests" */;
			buildPhases = (
				FB5246BF752A018D6A8D6663 /* [CP] Check Pods Manifest.lock */,
				3B55EECA1F14078B0010633A /* Sources */,
				3B55EECB1F14078B0010633A /* Frameworks */,
				3B55EECC1F14078B0010633A /* Resources */,
				77CDB8928057B9584BB53541 /* [CP] Embed Pods Frameworks */,
				AD8FEF5C137F0E06815CDD03 /* [CP] Copy Pods Resources */,
			);
			buildRules = (
			);
			dependencies = (
				3B55EED01F14078B0010633A /* PBXTargetDependency */,
			);
			name = FareCompareV2UITests;
			productName = FareCompareV2UITests;
			productReference = 3B55EECE1F14078B0010633A /* FareCompareV2UITests.xctest */;
			productType = "com.apple.product-type.bundle.ui-testing";
		};
/* End PBXNativeTarget section */

/* Begin PBXProject section */
		3B55EEA71F14078B0010633A /* Project object */ = {
			isa = PBXProject;
			attributes = {
				LastSwiftUpdateCheck = 0830;
				LastUpgradeCheck = 0830;
				ORGANIZATIONNAME = Cipher;
				TargetAttributes = {
					3B55EEAE1F14078B0010633A = {
						CreatedOnToolsVersion = 8.3.3;
						DevelopmentTeam = K47CUGM2AK;
						ProvisioningStyle = Automatic;
					};
					3B55EEC21F14078B0010633A = {
						CreatedOnToolsVersion = 8.3.3;
						ProvisioningStyle = Automatic;
						TestTargetID = 3B55EEAE1F14078B0010633A;
					};
					3B55EECD1F14078B0010633A = {
						CreatedOnToolsVersion = 8.3.3;
						ProvisioningStyle = Automatic;
						TestTargetID = 3B55EEAE1F14078B0010633A;
					};
				};
			};
			buildConfigurationList = 3B55EEAA1F14078B0010633A /* Build configuration list for PBXProject "FareCompareV2" */;
			compatibilityVersion = "Xcode 3.2";
			developmentRegion = English;
			hasScannedForEncodings = 0;
			knownRegions = (
				en,
				Base,
			);
			mainGroup = 3B55EEA61F14078B0010633A;
			productRefGroup = 3B55EEB01F14078B0010633A /* Products */;
			projectDirPath = "";
			projectRoot = "";
			targets = (
				3B55EEAE1F14078B0010633A /* FareCompareV2 */,
				3B55EEC21F14078B0010633A /* FareCompareV2Tests */,
				3B55EECD1F14078B0010633A /* FareCompareV2UITests */,
			);
		};
/* End PBXProject section */

/* Begin PBXResourcesBuildPhase section */
		3B55EEAD1F14078B0010633A /* Resources */ = {
			isa = PBXResourcesBuildPhase;
			buildActionMask = 2147483647;
			files = (
				3B55EEBD1F14078B0010633A /* LaunchScreen.storyboard in Resources */,
				3B55EEBA1F14078B0010633A /* Assets.xcassets in Resources */,
				3B55EEB81F14078B0010633A /* Main.storyboard in Resources */,
			);
			runOnlyForDeploymentPostprocessing = 0;
		};
		3B55EEC11F14078B0010633A /* Resources */ = {
			isa = PBXResourcesBuildPhase;
			buildActionMask = 2147483647;
			files = (
			);
			runOnlyForDeploymentPostprocessing = 0;
		};
		3B55EECC1F14078B0010633A /* Resources */ = {
			isa = PBXResourcesBuildPhase;
			buildActionMask = 2147483647;
			files = (
			);
			runOnlyForDeploymentPostprocessing = 0;
		};
/* End PBXResourcesBuildPhase section */

/* Begin PBXShellScriptBuildPhase section */
		21CCB90ABB715188717C0F20 /* [CP] Check Pods Manifest.lock */ = {
			isa = PBXShellScriptBuildPhase;
			buildActionMask = 2147483647;
			files = (
			);
			inputPaths = (
			);
			name = "[CP] Check Pods Manifest.lock";
			outputPaths = (
			);
			runOnlyForDeploymentPostprocessing = 0;
			shellPath = /bin/sh;
			shellScript = "diff \"${PODS_PODFILE_DIR_PATH}/Podfile.lock\" \"${PODS_ROOT}/Manifest.lock\" > /dev/null\nif [ $? != 0 ] ; then\n    # print error to STDERR\n    echo \"error: The sandbox is not in sync with the Podfile.lock. Run 'pod install' or update your CocoaPods installation.\" >&2\n    exit 1\nfi\n";
			showEnvVarsInLog = 0;
		};
		2923D6CBEE146F291C905FBE /* [CP] Copy Pods Resources */ = {
			isa = PBXShellScriptBuildPhase;
			buildActionMask = 2147483647;
			files = (
			);
			inputPaths = (
			);
			name = "[CP] Copy Pods Resources";
			outputPaths = (
			);
			runOnlyForDeploymentPostprocessing = 0;
			shellPath = /bin/sh;
			shellScript = "\"${SRCROOT}/Pods/Target Support Files/Pods-FareCompareV2Tests/Pods-FareCompareV2Tests-resources.sh\"\n";
			showEnvVarsInLog = 0;
		};
		77CDB8928057B9584BB53541 /* [CP] Embed Pods Frameworks */ = {
			isa = PBXShellScriptBuildPhase;
			buildActionMask = 2147483647;
			files = (
			);
			inputPaths = (
			);
			name = "[CP] Embed Pods Frameworks";
			outputPaths = (
			);
			runOnlyForDeploymentPostprocessing = 0;
			shellPath = /bin/sh;
			shellScript = "\"${SRCROOT}/Pods/Target Support Files/Pods-FareCompareV2UITests/Pods-FareCompareV2UITests-frameworks.sh\"\n";
			showEnvVarsInLog = 0;
		};
		8DAB73A26EBFE0090E61C54F /* [CP] Embed Pods Frameworks */ = {
			isa = PBXShellScriptBuildPhase;
			buildActionMask = 2147483647;
			files = (
			);
			inputPaths = (
			);
			name = "[CP] Embed Pods Frameworks";
			outputPaths = (
			);
			runOnlyForDeploymentPostprocessing = 0;
			shellPath = /bin/sh;
			shellScript = "\"${SRCROOT}/Pods/Target Support Files/Pods-FareCompareV2Tests/Pods-FareCompareV2Tests-frameworks.sh\"\n";
			showEnvVarsInLog = 0;
		};
		9805482C3E1DD5352175C511 /* [CP] Copy Pods Resources */ = {
			isa = PBXShellScriptBuildPhase;
			buildActionMask = 2147483647;
			files = (
			);
			inputPaths = (
			);
			name = "[CP] Copy Pods Resources";
			outputPaths = (
			);
			runOnlyForDeploymentPostprocessing = 0;
			shellPath = /bin/sh;
			shellScript = "\"${SRCROOT}/Pods/Target Support Files/Pods-FareCompareV2/Pods-FareCompareV2-resources.sh\"\n";
			showEnvVarsInLog = 0;
		};
		AD8FEF5C137F0E06815CDD03 /* [CP] Copy Pods Resources */ = {
			isa = PBXShellScriptBuildPhase;
			buildActionMask = 2147483647;
			files = (
			);
			inputPaths = (
			);
			name = "[CP] Copy Pods Resources";
			outputPaths = (
			);
			runOnlyForDeploymentPostprocessing = 0;
			shellPath = /bin/sh;
			shellScript = "\"${SRCROOT}/Pods/Target Support Files/Pods-FareCompareV2UITests/Pods-FareCompareV2UITests-resources.sh\"\n";
			showEnvVarsInLog = 0;
		};
		B27C556BBE4C0AF8858EFC4A /* [CP] Check Pods Manifest.lock */ = {
			isa = PBXShellScriptBuildPhase;
			buildActionMask = 2147483647;
			files = (
			);
			inputPaths = (
			);
			name = "[CP] Check Pods Manifest.lock";
			outputPaths = (
			);
			runOnlyForDeploymentPostprocessing = 0;
			shellPath = /bin/sh;
			shellScript = "diff \"${PODS_PODFILE_DIR_PATH}/Podfile.lock\" \"${PODS_ROOT}/Manifest.lock\" > /dev/null\nif [ $? != 0 ] ; then\n    # print error to STDERR\n    echo \"error: The sandbox is not in sync with the Podfile.lock. Run 'pod install' or update your CocoaPods installation.\" >&2\n    exit 1\nfi\n";
			showEnvVarsInLog = 0;
		};
		EAFC7D32EA1F5FA818D1EA51 /* [CP] Embed Pods Frameworks */ = {
			isa = PBXShellScriptBuildPhase;
			buildActionMask = 2147483647;
			files = (
			);
			inputPaths = (
			);
			name = "[CP] Embed Pods Frameworks";
			outputPaths = (
			);
			runOnlyForDeploymentPostprocessing = 0;
			shellPath = /bin/sh;
			shellScript = "\"${SRCROOT}/Pods/Target Support Files/Pods-FareCompareV2/Pods-FareCompareV2-frameworks.sh\"\n";
			showEnvVarsInLog = 0;
		};
		FB5246BF752A018D6A8D6663 /* [CP] Check Pods Manifest.lock */ = {
			isa = PBXShellScriptBuildPhase;
			buildActionMask = 2147483647;
			files = (
			);
			inputPaths = (
			);
			name = "[CP] Check Pods Manifest.lock";
			outputPaths = (
			);
			runOnlyForDeploymentPostprocessing = 0;
			shellPath = /bin/sh;
			shellScript = "diff \"${PODS_PODFILE_DIR_PATH}/Podfile.lock\" \"${PODS_ROOT}/Manifest.lock\" > /dev/null\nif [ $? != 0 ] ; then\n    # print error to STDERR\n    echo \"error: The sandbox is not in sync with the Podfile.lock. Run 'pod install' or update your CocoaPods installation.\" >&2\n    exit 1\nfi\n";
			showEnvVarsInLog = 0;
		};
/* End PBXShellScriptBuildPhase section */

/* Begin PBXSourcesBuildPhase section */
		3B55EEAB1F14078B0010633A /* Sources */ = {
			isa = PBXSourcesBuildPhase;
			buildActionMask = 2147483647;
			files = (
				E9FA82DA1F1697A900FAE631 /* SwiftyJSON.swift in Sources */,
				3B55EEB51F14078B0010633A /* ViewController.swift in Sources */,
				3B55EEB31F14078B0010633A /* AppDelegate.swift in Sources */,
			);
			runOnlyForDeploymentPostprocessing = 0;
		};
		3B55EEBF1F14078B0010633A /* Sources */ = {
			isa = PBXSourcesBuildPhase;
			buildActionMask = 2147483647;
			files = (
				3B55EEC81F14078B0010633A /* FareCompareV2Tests.swift in Sources */,
			);
			runOnlyForDeploymentPostprocessing = 0;
		};
		3B55EECA1F14078B0010633A /* Sources */ = {
			isa = PBXSourcesBuildPhase;
			buildActionMask = 2147483647;
			files = (
				3B55EED31F14078B0010633A /* FareCompareV2UITests.swift in Sources */,
			);
			runOnlyForDeploymentPostprocessing = 0;
		};
/* End PBXSourcesBuildPhase section */

/* Begin PBXTargetDependency section */
		3B55EEC51F14078B0010633A /* PBXTargetDependency */ = {
			isa = PBXTargetDependency;
			target = 3B55EEAE1F14078B0010633A /* FareCompareV2 */;
			targetProxy = 3B55EEC41F14078B0010633A /* PBXContainerItemProxy */;
		};
		3B55EED01F14078B0010633A /* PBXTargetDependency */ = {
			isa = PBXTargetDependency;
			target = 3B55EEAE1F14078B0010633A /* FareCompareV2 */;
			targetProxy = 3B55EECF1F14078B0010633A /* PBXContainerItemProxy */;
		};
/* End PBXTargetDependency section */

/* Begin PBXVariantGroup section */
		3B55EEB61F14078B0010633A /* Main.storyboard */ = {
			isa = PBXVariantGroup;
			children = (
				3B55EEB71F14078B0010633A /* Base */,
			);
			name = Main.storyboard;
			sourceTree = "<group>";
		};
		3B55EEBB1F14078B0010633A /* LaunchScreen.storyboard */ = {
			isa = PBXVariantGroup;
			children = (
				3B55EEBC1F14078B0010633A /* Base */,
			);
			name = LaunchScreen.storyboard;
			sourceTree = "<group>";
		};
/* End PBXVariantGroup section */

/* Begin XCBuildConfiguration section */
		3B55EED51F14078B0010633A /* Debug */ = {
			isa = XCBuildConfiguration;
			buildSettings = {
				ALWAYS_SEARCH_USER_PATHS = NO;
				CLANG_ANALYZER_NONNULL = YES;
				CLANG_ANALYZER_NUMBER_OBJECT_CONVERSION = YES_AGGRESSIVE;
				CLANG_CXX_LANGUAGE_STANDARD = "gnu++0x";
				CLANG_CXX_LIBRARY = "libc++";
				CLANG_ENABLE_MODULES = YES;
				CLANG_ENABLE_OBJC_ARC = YES;
				CLANG_WARN_BOOL_CONVERSION = YES;
				CLANG_WARN_CONSTANT_CONVERSION = YES;
				CLANG_WARN_DIRECT_OBJC_ISA_USAGE = YES_ERROR;
				CLANG_WARN_DOCUMENTATION_COMMENTS = YES;
				CLANG_WARN_EMPTY_BODY = YES;
				CLANG_WARN_ENUM_CONVERSION = YES;
				CLANG_WARN_INFINITE_RECURSION = YES;
				CLANG_WARN_INT_CONVERSION = YES;
				CLANG_WARN_OBJC_ROOT_CLASS = YES_ERROR;
				CLANG_WARN_SUSPICIOUS_MOVE = YES;
				CLANG_WARN_UNREACHABLE_CODE = YES;
				CLANG_WARN__DUPLICATE_METHOD_MATCH = YES;
				"CODE_SIGN_IDENTITY[sdk=iphoneos*]" = "iPhone Developer";
				COPY_PHASE_STRIP = NO;
				DEBUG_INFORMATION_FORMAT = dwarf;
				ENABLE_STRICT_OBJC_MSGSEND = YES;
				ENABLE_TESTABILITY = YES;
				GCC_C_LANGUAGE_STANDARD = gnu99;
				GCC_DYNAMIC_NO_PIC = NO;
				GCC_NO_COMMON_BLOCKS = YES;
				GCC_OPTIMIZATION_LEVEL = 0;
				GCC_PREPROCESSOR_DEFINITIONS = (
					"DEBUG=1",
					"$(inherited)",
				);
				GCC_WARN_64_TO_32_BIT_CONVERSION = YES;
				GCC_WARN_ABOUT_RETURN_TYPE = YES_ERROR;
				GCC_WARN_UNDECLARED_SELECTOR = YES;
				GCC_WARN_UNINITIALIZED_AUTOS = YES_AGGRESSIVE;
				GCC_WARN_UNUSED_FUNCTION = YES;
				GCC_WARN_UNUSED_VARIABLE = YES;
				IPHONEOS_DEPLOYMENT_TARGET = 10.3;
				MTL_ENABLE_DEBUG_INFO = YES;
				ONLY_ACTIVE_ARCH = YES;
				SDKROOT = iphoneos;
				SWIFT_ACTIVE_COMPILATION_CONDITIONS = DEBUG;
				SWIFT_OPTIMIZATION_LEVEL = "-Onone";
			};
			name = Debug;
		};
		3B55EED61F14078B0010633A /* Release */ = {
			isa = XCBuildConfiguration;
			buildSettings = {
				ALWAYS_SEARCH_USER_PATHS = NO;
				CLANG_ANALYZER_NONNULL = YES;
				CLANG_ANALYZER_NUMBER_OBJECT_CONVERSION = YES_AGGRESSIVE;
				CLANG_CXX_LANGUAGE_STANDARD = "gnu++0x";
				CLANG_CXX_LIBRARY = "libc++";
				CLANG_ENABLE_MODULES = YES;
				CLANG_ENABLE_OBJC_ARC = YES;
				CLANG_WARN_BOOL_CONVERSION = YES;
				CLANG_WARN_CONSTANT_CONVERSION = YES;
				CLANG_WARN_DIRECT_OBJC_ISA_USAGE = YES_ERROR;
				CLANG_WARN_DOCUMENTATION_COMMENTS = YES;
				CLANG_WARN_EMPTY_BODY = YES;
				CLANG_WARN_ENUM_CONVERSION = YES;
				CLANG_WARN_INFINITE_RECURSION = YES;
				CLANG_WARN_INT_CONVERSION = YES;
				CLANG_WARN_OBJC_ROOT_CLASS = YES_ERROR;
				CLANG_WARN_SUSPICIOUS_MOVE = YES;
				CLANG_WARN_UNREACHABLE_CODE = YES;
				CLANG_WARN__DUPLICATE_METHOD_MATCH = YES;
				"CODE_SIGN_IDENTITY[sdk=iphoneos*]" = "iPhone Developer";
				COPY_PHASE_STRIP = NO;
				DEBUG_INFORMATION_FORMAT = "dwarf-with-dsym";
				ENABLE_NS_ASSERTIONS = NO;
				ENABLE_STRICT_OBJC_MSGSEND = YES;
				GCC_C_LANGUAGE_STANDARD = gnu99;
				GCC_NO_COMMON_BLOCKS = YES;
				GCC_WARN_64_TO_32_BIT_CONVERSION = YES;
				GCC_WARN_ABOUT_RETURN_TYPE = YES_ERROR;
				GCC_WARN_UNDECLARED_SELECTOR = YES;
				GCC_WARN_UNINITIALIZED_AUTOS = YES_AGGRESSIVE;
				GCC_WARN_UNUSED_FUNCTION = YES;
				GCC_WARN_UNUSED_VARIABLE = YES;
				IPHONEOS_DEPLOYMENT_TARGET = 10.3;
				MTL_ENABLE_DEBUG_INFO = NO;
				SDKROOT = iphoneos;
				SWIFT_OPTIMIZATION_LEVEL = "-Owholemodule";
				VALIDATE_PRODUCT = YES;
			};
			name = Release;
		};
		3B55EED81F14078B0010633A /* Debug */ = {
			isa = XCBuildConfiguration;
			baseConfigurationReference = 8B87E8B122BB38086E49DE37 /* Pods-FareCompareV2.debug.xcconfig */;
			buildSettings = {
				ASSETCATALOG_COMPILER_APPICON_NAME = AppIcon;
				"CODE_SIGN_IDENTITY[sdk=iphoneos*]" = "iPhone Developer";
				DEVELOPMENT_TEAM = K47CUGM2AK;
				INFOPLIST_FILE = FareCompareV2/Info.plist;
				LD_RUNPATH_SEARCH_PATHS = "$(inherited) @executable_path/Frameworks";
				PRODUCT_BUNDLE_IDENTIFIER = com.cipher.FareCompareV2;
				PRODUCT_NAME = "$(TARGET_NAME)";
				PROVISIONING_PROFILE_SPECIFIER = "";
				SWIFT_VERSION = 3.0;
			};
			name = Debug;
		};
		3B55EED91F14078B0010633A /* Release */ = {
			isa = XCBuildConfiguration;
			baseConfigurationReference = 50C0E19063FCC7485A105C93 /* Pods-FareCompareV2.release.xcconfig */;
			buildSettings = {
				ASSETCATALOG_COMPILER_APPICON_NAME = AppIcon;
				"CODE_SIGN_IDENTITY[sdk=iphoneos*]" = "iPhone Developer";
				DEVELOPMENT_TEAM = K47CUGM2AK;
				INFOPLIST_FILE = FareCompareV2/Info.plist;
				LD_RUNPATH_SEARCH_PATHS = "$(inherited) @executable_path/Frameworks";
				PRODUCT_BUNDLE_IDENTIFIER = com.cipher.FareCompareV2;
				PRODUCT_NAME = "$(TARGET_NAME)";
				PROVISIONING_PROFILE_SPECIFIER = "";
				SWIFT_VERSION = 3.0;
			};
			name = Release;
		};
		3B55EEDB1F14078B0010633A /* Debug */ = {
			isa = XCBuildConfiguration;
			baseConfigurationReference = 920ED5EA8EBBA850B2EB59B7 /* Pods-FareCompareV2Tests.debug.xcconfig */;
			buildSettings = {
				ALWAYS_EMBED_SWIFT_STANDARD_LIBRARIES = YES;
				BUNDLE_LOADER = "$(TEST_HOST)";
				INFOPLIST_FILE = FareCompareV2Tests/Info.plist;
				LD_RUNPATH_SEARCH_PATHS = "$(inherited) @executable_path/Frameworks @loader_path/Frameworks";
				PRODUCT_BUNDLE_IDENTIFIER = com.cipher.FareCompareV2Tests;
				PRODUCT_NAME = "$(TARGET_NAME)";
				SWIFT_VERSION = 3.0;
				TEST_HOST = "$(BUILT_PRODUCTS_DIR)/FareCompareV2.app/FareCompareV2";
			};
			name = Debug;
		};
		3B55EEDC1F14078B0010633A /* Release */ = {
			isa = XCBuildConfiguration;
			baseConfigurationReference = 49BEA6D18612ABFCA2330803 /* Pods-FareCompareV2Tests.release.xcconfig */;
			buildSettings = {
				ALWAYS_EMBED_SWIFT_STANDARD_LIBRARIES = YES;
				BUNDLE_LOADER = "$(TEST_HOST)";
				INFOPLIST_FILE = FareCompareV2Tests/Info.plist;
				LD_RUNPATH_SEARCH_PATHS = "$(inherited) @executable_path/Frameworks @loader_path/Frameworks";
				PRODUCT_BUNDLE_IDENTIFIER = com.cipher.FareCompareV2Tests;
				PRODUCT_NAME = "$(TARGET_NAME)";
				SWIFT_VERSION = 3.0;
				TEST_HOST = "$(BUILT_PRODUCTS_DIR)/FareCompareV2.app/FareCompareV2";
			};
			name = Release;
		};
		3B55EEDE1F14078B0010633A /* Debug */ = {
			isa = XCBuildConfiguration;
			baseConfigurationReference = 4D5C4DBC7E16CED263640E89 /* Pods-FareCompareV2UITests.debug.xcconfig */;
			buildSettings = {
				ALWAYS_EMBED_SWIFT_STANDARD_LIBRARIES = YES;
				INFOPLIST_FILE = FareCompareV2UITests/Info.plist;
				LD_RUNPATH_SEARCH_PATHS = "$(inherited) @executable_path/Frameworks @loader_path/Frameworks";
				PRODUCT_BUNDLE_IDENTIFIER = com.cipher.FareCompareV2UITests;
				PRODUCT_NAME = "$(TARGET_NAME)";
				SWIFT_VERSION = 3.0;
				TEST_TARGET_NAME = FareCompareV2;
			};
			name = Debug;
		};
		3B55EEDF1F14078B0010633A /* Release */ = {
			isa = XCBuildConfiguration;
			baseConfigurationReference = E3FC5F3F1A8F4A05357164C2 /* Pods-FareCompareV2UITests.release.xcconfig */;
			buildSettings = {
				ALWAYS_EMBED_SWIFT_STANDARD_LIBRARIES = YES;
				INFOPLIST_FILE = FareCompareV2UITests/Info.plist;
				LD_RUNPATH_SEARCH_PATHS = "$(inherited) @executable_path/Frameworks @loader_path/Frameworks";
				PRODUCT_BUNDLE_IDENTIFIER = com.cipher.FareCompareV2UITests;
				PRODUCT_NAME = "$(TARGET_NAME)";
				SWIFT_VERSION = 3.0;
				TEST_TARGET_NAME = FareCompareV2;
			};
			name = Release;
		};
/* End XCBuildConfiguration section */

/* Begin XCConfigurationList section */
		3B55EEAA1F14078B0010633A /* Build configuration list for PBXProject "FareCompareV2" */ = {
			isa = XCConfigurationList;
			buildConfigurations = (
				3B55EED51F14078B0010633A /* Debug */,
				3B55EED61F14078B0010633A /* Release */,
			);
			defaultConfigurationIsVisible = 0;
			defaultConfigurationName = Release;
		};
		3B55EED71F14078B0010633A /* Build configuration list for PBXNativeTarget "FareCompareV2" */ = {
			isa = XCConfigurationList;
			buildConfigurations = (
				3B55EED81F14078B0010633A /* Debug */,
				3B55EED91F14078B0010633A /* Release */,
			);
			defaultConfigurationIsVisible = 0;
			defaultConfigurationName = Release;
		};
		3B55EEDA1F14078B0010633A /* Build configuration list for PBXNativeTarget "FareCompareV2Tests" */ = {
			isa = XCConfigurationList;
			buildConfigurations = (
				3B55EEDB1F14078B0010633A /* Debug */,
				3B55EEDC1F14078B0010633A /* Release */,
			);
			defaultConfigurationIsVisible = 0;
			defaultConfigurationName = Release;
		};
		3B55EEDD1F14078B0010633A /* Build configuration list for PBXNativeTarget "FareCompareV2UITests" */ = {
			isa = XCConfigurationList;
			buildConfigurations = (
				3B55EEDE1F14078B0010633A /* Debug */,
				3B55EEDF1F14078B0010633A /* Release */,
			);
			defaultConfigurationIsVisible = 0;
			defaultConfigurationName = Release;
		};
/* End XCConfigurationList section */
	};
	rootObject = 3B55EEA71F14078B0010633A /* Project object */;
}
